
Microsoft Visual Studio Solution File, Format Version 12.00
Project("{FAE04EC0-301F-11D3-BF4B-00C04F79EFBC}") = "WeatherApi", "WeatherApi\WeatherApi.csproj", "{458612B7-0FF0-49C5-A843-525C416875E4}"
EndProject
Global
	GlobalSection(SolutionConfigurationPlatforms) = preSolution
		Debug|Any CPU = Debug|Any CPU
		Release|Any CPU = Release|Any CPU
	EndGlobalSection
	GlobalSection(ProjectConfigurationPlatforms) = postSolution
		{458612B7-0FF0-49C5-A843-525C416875E4}.Debug|Any CPU.ActiveCfg = Debug|Any CPU
		{458612B7-0FF0-49C5-A843-525C416875E4}.Debug|Any CPU.Build.0 = Debug|Any CPU
		{458612B7-0FF0-49C5-A843-525C416875E4}.Release|Any CPU.ActiveCfg = Release|Any CPU
		{458612B7-0FF0-49C5-A843-525C416875E4}.Release|Any CPU.Build.0 = Release|Any CPU
	EndGlobalSection
EndGlobal
